
Microsoft Visual Studio Solution File, Format Version 12.00
# Visual Studio 15
VisualStudioVersion = 15.0.27703.2042
MinimumVisualStudioVersion = 10.0.40219.1
Project("{9A19103F-16F7-4668-BE54-9A1E7A4F7556}") = "NumericalCurrencyToTextConverter", "NumericalCurrencyToTextConverter\NumericalCurrencyToTextConverter.csproj", "{2791DB7B-206D-4C8F-878A-FB25E5038269}"
EndProject
Project("{FAE04EC0-301F-11D3-BF4B-00C04F79EFBC}") = "UnitTestProject", "UnitTestProject\UnitTestProject.csproj", "{F569E8E3-0753-4377-B385-7BC78E70CE6A}"
EndProject
Global
	GlobalSection(SolutionConfigurationPlatforms) = preSolution
		Debug|Any CPU = Debug|Any CPU
		Release|Any CPU = Release|Any CPU
	EndGlobalSection
	GlobalSection(ProjectConfigurationPlatforms) = postSolution
		{2791DB7B-206D-4C8F-878A-FB25E5038269}.Debug|Any CPU.ActiveCfg = Debug|Any CPU
		{2791DB7B-206D-4C8F-878A-FB25E5038269}.Debug|Any CPU.Build.0 = Debug|Any CPU
		{2791DB7B-206D-4C8F-878A-FB25E5038269}.Release|Any CPU.ActiveCfg = Release|Any CPU
		{2791DB7B-206D-4C8F-878A-FB25E5038269}.Release|Any CPU.Build.0 = Release|Any CPU
		{F569E8E3-0753-4377-B385-7BC78E70CE6A}.Debug|Any CPU.ActiveCfg = Debug|Any CPU
		{F569E8E3-0753-4377-B385-7BC78E70CE6A}.Debug|Any CPU.Build.0 = Debug|Any CPU
		{F569E8E3-0753-4377-B385-7BC78E70CE6A}.Release|Any CPU.ActiveCfg = Release|Any CPU
		{F569E8E3-0753-4377-B385-7BC78E70CE6A}.Release|Any CPU.Build.0 = Release|Any CPU
	EndGlobalSection
	GlobalSection(SolutionProperties) = preSolution
		HideSolutionNode = FALSE
	EndGlobalSection
	GlobalSection(ExtensibilityGlobals) = postSolution
		SolutionGuid = {42946A50-6D0B-4576-863C-8A8318577241}
	EndGlobalSection
EndGlobal
